
Microsoft Visual Studio Solution File, Format Version 12.00
# Visual Studio 15
VisualStudioVersion = 15.0.26430.6
MinimumVisualStudioVersion = 10.0.40219.1
Project("{888888A0-9F3D-457C-B088-3A5042F75D52}") = "Alexandria", "Alexandria.pyproj", "{AF67A230-C4E1-4D03-8B2E-670219DC5D23}"
EndProject
Global
	GlobalSection(SolutionConfigurationPlatforms) = preSolution
		Debug|Any CPU = Debug|Any CPU
		Release|Any CPU = Release|Any CPU
	EndGlobalSection
	GlobalSection(ProjectConfigurationPlatforms) = postSolution
		{AF67A230-C4E1-4D03-8B2E-670219DC5D23}.Debug|Any CPU.ActiveCfg = Debug|Any CPU
		{AF67A230-C4E1-4D03-8B2E-670219DC5D23}.Debug|Any CPU.Build.0 = Debug|Any CPU
		{AF67A230-C4E1-4D03-8B2E-670219DC5D23}.Release|Any CPU.ActiveCfg = Release|Any CPU
		{AF67A230-C4E1-4D03-8B2E-670219DC5D23}.Release|Any CPU.Build.0 = Release|Any CPU
	EndGlobalSection
	GlobalSection(SolutionProperties) = preSolution
		HideSolutionNode = FALSE
	EndGlobalSection
EndGlobal
